
Microsoft Visual Studio Solution File, Format Version 12.00
# Visual Studio Version 17
VisualStudioVersion = 17.0.31903.59
MinimumVisualStudioVersion = 10.0.40219.1
Project("{FAE04EC0-301F-11D3-BF4B-00C04F79EFBC}") = "HelloWorld", "00_HelloWorld\HelloWorld.csproj", "{33ACB933-C281-4726-B246-4516B3B4E2CE}"
EndProject
Project("{FAE04EC0-301F-11D3-BF4B-00C04F79EFBC}") = "Strings", "04_Strings\Strings.csproj", "{ACFE8718-2BDC-451C-9369-EB9C25CF1459}"
EndProject
Project("{FAE04EC0-301F-11D3-BF4B-00C04F79EFBC}") = "Booleans", "05_Booleans\Booleans.csproj", "{F6221A5D-87EB-4FE2-9D2D-32011EDCE916}"
EndProject
Project("{2150E333-8FDC-42A3-9474-1A3956D46DE8}") = "06_Conditionals", "06_Conditionals", "{DBBC51EA-9399-4BC0-A8D4-052B5621A83D}"
EndProject
Project("{FAE04EC0-301F-11D3-BF4B-00C04F79EFBC}") = "IfStatements", "06_Conditionals\IfStatements\IfStatements.csproj", "{1FC5228D-6F68-4CC8-9284-AFB4AC682E13}"
EndProject
Project("{FAE04EC0-301F-11D3-BF4B-00C04F79EFBC}") = "Ternaries", "06_Conditionals\Ternaries\Ternaries.csproj", "{9C6EE5B0-957B-44C8-AA1F-1C861E590F6B}"
EndProject
Project("{FAE04EC0-301F-11D3-BF4B-00C04F79EFBC}") = "Switches", "06_Conditionals\Switches\Switches.csproj", "{C0958021-E701-4F1F-8463-E89C855FD352}"
EndProject
Project("{2150E333-8FDC-42A3-9474-1A3956D46DE8}") = "07_Loops", "07_Loops", "{B1ECDFA7-CCCE-4717-B006-5E18F824A6C2}"
EndProject
Project("{FAE04EC0-301F-11D3-BF4B-00C04F79EFBC}") = "WhileLoops", "07_Loops\While\WhileLoops.csproj", "{6856C4AC-C112-4AD7-BD49-754635FCD090}"
EndProject
Project("{FAE04EC0-301F-11D3-BF4B-00C04F79EFBC}") = "ForLoops", "07_Loops\For\ForLoops.csproj", "{B94EA8F0-F2F2-45AE-9997-7205083894A9}"
EndProject
Project("{FAE04EC0-301F-11D3-BF4B-00C04F79EFBC}") = "ForeachLoops", "07_Loops\Foreach\ForeachLoops.csproj", "{54AD5BA0-8336-4B0A-A83D-A5D290B4E4F1}"
EndProject
Project("{FAE04EC0-301F-11D3-BF4B-00C04F79EFBC}") = "LoopsChallenges", "07_Loops\Challenges\LoopsChallenges.csproj", "{B5C787F3-F300-467A-BCF3-898300604E0A}"
EndProject
Project("{FAE04EC0-301F-11D3-BF4B-00C04F79EFBC}") = "Classes", "08_Classes\Classes.csproj", "{2B8910B6-43F3-4A83-B631-1547BD76161B}"
EndProject
Project("{2150E333-8FDC-42A3-9474-1A3956D46DE8}") = "Challenges", "Challenges", "{AD846633-6D08-4D28-A020-F6B23A16D9ED}"
EndProject
Project("{FAE04EC0-301F-11D3-BF4B-00C04F79EFBC}") = "CalculatorClass", "Challenges\CalculatorClass\CalculatorClass.csproj", "{2988F7E8-205C-4E4E-82CA-2149290EC52B}"
EndProject
Project("{FAE04EC0-301F-11D3-BF4B-00C04F79EFBC}") = "SuperChallenge", "Challenges\SuperChallenge\SuperChallenge.csproj", "{8EE4C4D4-8760-42F8-B15F-98464C8A3FA0}"
EndProject
Project("{FAE04EC0-301F-11D3-BF4B-00C04F79EFBC}") = "VehicleClass", "Challenges\VehicleClass\VehicleClass.csproj", "{C0301B68-EA80-4648-8B3A-E4B1136E3CBB}"
EndProject
Global
	GlobalSection(SolutionConfigurationPlatforms) = preSolution
		Debug|Any CPU = Debug|Any CPU
		Release|Any CPU = Release|Any CPU
	EndGlobalSection
	GlobalSection(SolutionProperties) = preSolution
		HideSolutionNode = FALSE
	EndGlobalSection
	GlobalSection(ProjectConfigurationPlatforms) = postSolution
		{33ACB933-C281-4726-B246-4516B3B4E2CE}.Debug|Any CPU.ActiveCfg = Debug|Any CPU
		{33ACB933-C281-4726-B246-4516B3B4E2CE}.Debug|Any CPU.Build.0 = Debug|Any CPU
		{33ACB933-C281-4726-B246-4516B3B4E2CE}.Release|Any CPU.ActiveCfg = Release|Any CPU
		{33ACB933-C281-4726-B246-4516B3B4E2CE}.Release|Any CPU.Build.0 = Release|Any CPU
		{ACFE8718-2BDC-451C-9369-EB9C25CF1459}.Debug|Any CPU.ActiveCfg = Debug|Any CPU
		{ACFE8718-2BDC-451C-9369-EB9C25CF1459}.Debug|Any CPU.Build.0 = Debug|Any CPU
		{ACFE8718-2BDC-451C-9369-EB9C25CF1459}.Release|Any CPU.ActiveCfg = Release|Any CPU
		{ACFE8718-2BDC-451C-9369-EB9C25CF1459}.Release|Any CPU.Build.0 = Release|Any CPU
		{F6221A5D-87EB-4FE2-9D2D-32011EDCE916}.Debug|Any CPU.ActiveCfg = Debug|Any CPU
		{F6221A5D-87EB-4FE2-9D2D-32011EDCE916}.Debug|Any CPU.Build.0 = Debug|Any CPU
		{F6221A5D-87EB-4FE2-9D2D-32011EDCE916}.Release|Any CPU.ActiveCfg = Release|Any CPU
		{F6221A5D-87EB-4FE2-9D2D-32011EDCE916}.Release|Any CPU.Build.0 = Release|Any CPU
		{1FC5228D-6F68-4CC8-9284-AFB4AC682E13}.Debug|Any CPU.ActiveCfg = Debug|Any CPU
		{1FC5228D-6F68-4CC8-9284-AFB4AC682E13}.Debug|Any CPU.Build.0 = Debug|Any CPU
		{1FC5228D-6F68-4CC8-9284-AFB4AC682E13}.Release|Any CPU.ActiveCfg = Release|Any CPU
		{1FC5228D-6F68-4CC8-9284-AFB4AC682E13}.Release|Any CPU.Build.0 = Release|Any CPU
		{9C6EE5B0-957B-44C8-AA1F-1C861E590F6B}.Debug|Any CPU.ActiveCfg = Debug|Any CPU
		{9C6EE5B0-957B-44C8-AA1F-1C861E590F6B}.Debug|Any CPU.Build.0 = Debug|Any CPU
		{9C6EE5B0-957B-44C8-AA1F-1C861E590F6B}.Release|Any CPU.ActiveCfg = Release|Any CPU
		{9C6EE5B0-957B-44C8-AA1F-1C861E590F6B}.Release|Any CPU.Build.0 = Release|Any CPU
		{C0958021-E701-4F1F-8463-E89C855FD352}.Debug|Any CPU.ActiveCfg = Debug|Any CPU
		{C0958021-E701-4F1F-8463-E89C855FD352}.Debug|Any CPU.Build.0 = Debug|Any CPU
		{C0958021-E701-4F1F-8463-E89C855FD352}.Release|Any CPU.ActiveCfg = Release|Any CPU
		{C0958021-E701-4F1F-8463-E89C855FD352}.Release|Any CPU.Build.0 = Release|Any CPU
		{6856C4AC-C112-4AD7-BD49-754635FCD090}.Debug|Any CPU.ActiveCfg = Debug|Any CPU
		{6856C4AC-C112-4AD7-BD49-754635FCD090}.Debug|Any CPU.Build.0 = Debug|Any CPU
		{6856C4AC-C112-4AD7-BD49-754635FCD090}.Release|Any CPU.ActiveCfg = Release|Any CPU
		{6856C4AC-C112-4AD7-BD49-754635FCD090}.Release|Any CPU.Build.0 = Release|Any CPU
		{B94EA8F0-F2F2-45AE-9997-7205083894A9}.Debug|Any CPU.ActiveCfg = Debug|Any CPU
		{B94EA8F0-F2F2-45AE-9997-7205083894A9}.Debug|Any CPU.Build.0 = Debug|Any CPU
		{B94EA8F0-F2F2-45AE-9997-7205083894A9}.Release|Any CPU.ActiveCfg = Release|Any CPU
		{B94EA8F0-F2F2-45AE-9997-7205083894A9}.Release|Any CPU.Build.0 = Release|Any CPU
		{54AD5BA0-8336-4B0A-A83D-A5D290B4E4F1}.Debug|Any CPU.ActiveCfg = Debug|Any CPU
		{54AD5BA0-8336-4B0A-A83D-A5D290B4E4F1}.Debug|Any CPU.Build.0 = Debug|Any CPU
		{54AD5BA0-8336-4B0A-A83D-A5D290B4E4F1}.Release|Any CPU.ActiveCfg = Release|Any CPU
		{54AD5BA0-8336-4B0A-A83D-A5D290B4E4F1}.Release|Any CPU.Build.0 = Release|Any CPU
		{B5C787F3-F300-467A-BCF3-898300604E0A}.Debug|Any CPU.ActiveCfg = Debug|Any CPU
		{B5C787F3-F300-467A-BCF3-898300604E0A}.Debug|Any CPU.Build.0 = Debug|Any CPU
		{B5C787F3-F300-467A-BCF3-898300604E0A}.Release|Any CPU.ActiveCfg = Release|Any CPU
		{B5C787F3-F300-467A-BCF3-898300604E0A}.Release|Any CPU.Build.0 = Release|Any CPU
		{2B8910B6-43F3-4A83-B631-1547BD76161B}.Debug|Any CPU.ActiveCfg = Debug|Any CPU
		{2B8910B6-43F3-4A83-B631-1547BD76161B}.Debug|Any CPU.Build.0 = Debug|Any CPU
		{2B8910B6-43F3-4A83-B631-1547BD76161B}.Release|Any CPU.ActiveCfg = Release|Any CPU
		{2B8910B6-43F3-4A83-B631-1547BD76161B}.Release|Any CPU.Build.0 = Release|Any CPU
		{2988F7E8-205C-4E4E-82CA-2149290EC52B}.Debug|Any CPU.ActiveCfg = Debug|Any CPU
		{2988F7E8-205C-4E4E-82CA-2149290EC52B}.Debug|Any CPU.Build.0 = Debug|Any CPU
		{2988F7E8-205C-4E4E-82CA-2149290EC52B}.Release|Any CPU.ActiveCfg = Release|Any CPU
		{2988F7E8-205C-4E4E-82CA-2149290EC52B}.Release|Any CPU.Build.0 = Release|Any CPU
		{8EE4C4D4-8760-42F8-B15F-98464C8A3FA0}.Debug|Any CPU.ActiveCfg = Debug|Any CPU
		{8EE4C4D4-8760-42F8-B15F-98464C8A3FA0}.Debug|Any CPU.Build.0 = Debug|Any CPU
		{8EE4C4D4-8760-42F8-B15F-98464C8A3FA0}.Release|Any CPU.ActiveCfg = Release|Any CPU
		{8EE4C4D4-8760-42F8-B15F-98464C8A3FA0}.Release|Any CPU.Build.0 = Release|Any CPU
		{C0301B68-EA80-4648-8B3A-E4B1136E3CBB}.Debug|Any CPU.ActiveCfg = Debug|Any CPU
		{C0301B68-EA80-4648-8B3A-E4B1136E3CBB}.Debug|Any CPU.Build.0 = Debug|Any CPU
		{C0301B68-EA80-4648-8B3A-E4B1136E3CBB}.Release|Any CPU.ActiveCfg = Release|Any CPU
		{C0301B68-EA80-4648-8B3A-E4B1136E3CBB}.Release|Any CPU.Build.0 = Release|Any CPU
	EndGlobalSection
	GlobalSection(NestedProjects) = preSolution
		{1FC5228D-6F68-4CC8-9284-AFB4AC682E13} = {DBBC51EA-9399-4BC0-A8D4-052B5621A83D}
		{9C6EE5B0-957B-44C8-AA1F-1C861E590F6B} = {DBBC51EA-9399-4BC0-A8D4-052B5621A83D}
		{C0958021-E701-4F1F-8463-E89C855FD352} = {DBBC51EA-9399-4BC0-A8D4-052B5621A83D}
		{6856C4AC-C112-4AD7-BD49-754635FCD090} = {B1ECDFA7-CCCE-4717-B006-5E18F824A6C2}
		{B94EA8F0-F2F2-45AE-9997-7205083894A9} = {B1ECDFA7-CCCE-4717-B006-5E18F824A6C2}
		{54AD5BA0-8336-4B0A-A83D-A5D290B4E4F1} = {B1ECDFA7-CCCE-4717-B006-5E18F824A6C2}
		{B5C787F3-F300-467A-BCF3-898300604E0A} = {B1ECDFA7-CCCE-4717-B006-5E18F824A6C2}
		{2988F7E8-205C-4E4E-82CA-2149290EC52B} = {AD846633-6D08-4D28-A020-F6B23A16D9ED}
		{8EE4C4D4-8760-42F8-B15F-98464C8A3FA0} = {AD846633-6D08-4D28-A020-F6B23A16D9ED}
		{C0301B68-EA80-4648-8B3A-E4B1136E3CBB} = {AD846633-6D08-4D28-A020-F6B23A16D9ED}
	EndGlobalSection
EndGlobal
