
Microsoft Visual Studio Solution File, Format Version 12.00
# Visual Studio Version 17
VisualStudioVersion = 17.0.31903.59
MinimumVisualStudioVersion = 10.0.40219.1
Project("{FAE04EC0-301F-11D3-BF4B-00C04F79EFBC}") = "HelloWorld", "00_HelloWorld\HelloWorld.csproj", "{33ACB933-C281-4726-B246-4516B3B4E2CE}"
EndProject
Project("{FAE04EC0-301F-11D3-BF4B-00C04F79EFBC}") = "Strings", "04_Strings\Strings.csproj", "{ACFE8718-2BDC-451C-9369-EB9C25CF1459}"
EndProject
Project("{FAE04EC0-301F-11D3-BF4B-00C04F79EFBC}") = "Booleans", "05_Booleans\Booleans.csproj", "{F6221A5D-87EB-4FE2-9D2D-32011EDCE916}"
EndProject
Project("{2150E333-8FDC-42A3-9474-1A3956D46DE8}") = "06_Conditionals", "06_Conditionals", "{DBBC51EA-9399-4BC0-A8D4-052B5621A83D}"
EndProject
Project("{FAE04EC0-301F-11D3-BF4B-00C04F79EFBC}") = "IfStatements", "06_Conditionals\IfStatements\IfStatements.csproj", "{1FC5228D-6F68-4CC8-9284-AFB4AC682E13}"
EndProject
Project("{FAE04EC0-301F-11D3-BF4B-00C04F79EFBC}") = "Ternaries", "06_Conditionals\Ternaries\Ternaries.csproj", "{9C6EE5B0-957B-44C8-AA1F-1C861E590F6B}"
EndProject
Project("{FAE04EC0-301F-11D3-BF4B-00C04F79EFBC}") = "Switches", "06_Conditionals\Switches\Switches.csproj", "{C0958021-E701-4F1F-8463-E89C855FD352}"
EndProject
Global
	GlobalSection(SolutionConfigurationPlatforms) = preSolution
		Debug|Any CPU = Debug|Any CPU
		Release|Any CPU = Release|Any CPU
	EndGlobalSection
	GlobalSection(SolutionProperties) = preSolution
		HideSolutionNode = FALSE
	EndGlobalSection
	GlobalSection(ProjectConfigurationPlatforms) = postSolution
		{33ACB933-C281-4726-B246-4516B3B4E2CE}.Debug|Any CPU.ActiveCfg = Debug|Any CPU
		{33ACB933-C281-4726-B246-4516B3B4E2CE}.Debug|Any CPU.Build.0 = Debug|Any CPU
		{33ACB933-C281-4726-B246-4516B3B4E2CE}.Release|Any CPU.ActiveCfg = Release|Any CPU
		{33ACB933-C281-4726-B246-4516B3B4E2CE}.Release|Any CPU.Build.0 = Release|Any CPU
		{ACFE8718-2BDC-451C-9369-EB9C25CF1459}.Debug|Any CPU.ActiveCfg = Debug|Any CPU
		{ACFE8718-2BDC-451C-9369-EB9C25CF1459}.Debug|Any CPU.Build.0 = Debug|Any CPU
		{ACFE8718-2BDC-451C-9369-EB9C25CF1459}.Release|Any CPU.ActiveCfg = Release|Any CPU
		{ACFE8718-2BDC-451C-9369-EB9C25CF1459}.Release|Any CPU.Build.0 = Release|Any CPU
		{F6221A5D-87EB-4FE2-9D2D-32011EDCE916}.Debug|Any CPU.ActiveCfg = Debug|Any CPU
		{F6221A5D-87EB-4FE2-9D2D-32011EDCE916}.Debug|Any CPU.Build.0 = Debug|Any CPU
		{F6221A5D-87EB-4FE2-9D2D-32011EDCE916}.Release|Any CPU.ActiveCfg = Release|Any CPU
		{F6221A5D-87EB-4FE2-9D2D-32011EDCE916}.Release|Any CPU.Build.0 = Release|Any CPU
		{1FC5228D-6F68-4CC8-9284-AFB4AC682E13}.Debug|Any CPU.ActiveCfg = Debug|Any CPU
		{1FC5228D-6F68-4CC8-9284-AFB4AC682E13}.Debug|Any CPU.Build.0 = Debug|Any CPU
		{1FC5228D-6F68-4CC8-9284-AFB4AC682E13}.Release|Any CPU.ActiveCfg = Release|Any CPU
		{1FC5228D-6F68-4CC8-9284-AFB4AC682E13}.Release|Any CPU.Build.0 = Release|Any CPU
		{9C6EE5B0-957B-44C8-AA1F-1C861E590F6B}.Debug|Any CPU.ActiveCfg = Debug|Any CPU
		{9C6EE5B0-957B-44C8-AA1F-1C861E590F6B}.Debug|Any CPU.Build.0 = Debug|Any CPU
		{9C6EE5B0-957B-44C8-AA1F-1C861E590F6B}.Release|Any CPU.ActiveCfg = Release|Any CPU
		{9C6EE5B0-957B-44C8-AA1F-1C861E590F6B}.Release|Any CPU.Build.0 = Release|Any CPU
		{C0958021-E701-4F1F-8463-E89C855FD352}.Debug|Any CPU.ActiveCfg = Debug|Any CPU
		{C0958021-E701-4F1F-8463-E89C855FD352}.Debug|Any CPU.Build.0 = Debug|Any CPU
		{C0958021-E701-4F1F-8463-E89C855FD352}.Release|Any CPU.ActiveCfg = Release|Any CPU
		{C0958021-E701-4F1F-8463-E89C855FD352}.Release|Any CPU.Build.0 = Release|Any CPU
	EndGlobalSection
	GlobalSection(NestedProjects) = preSolution
		{1FC5228D-6F68-4CC8-9284-AFB4AC682E13} = {DBBC51EA-9399-4BC0-A8D4-052B5621A83D}
		{9C6EE5B0-957B-44C8-AA1F-1C861E590F6B} = {DBBC51EA-9399-4BC0-A8D4-052B5621A83D}
		{C0958021-E701-4F1F-8463-E89C855FD352} = {DBBC51EA-9399-4BC0-A8D4-052B5621A83D}
	EndGlobalSection
EndGlobal
